// !$*UTF8*$!
{
	archiveVersion = 1;
	classes = {
	};
	objectVersion = 46;
	objects = {

/* Begin PBXBuildFile section */
		113410301E9DC03000E8E7EF /* Post.swift in Sources */ = {isa = PBXBuildFile; fileRef = 1134102F1E9DC03000E8E7EF /* Post.swift */; };
		113410321E9DC1D400E8E7EF /* UserProfilePhotoCell.swift in Sources */ = {isa = PBXBuildFile; fileRef = 113410311E9DC1D400E8E7EF /* UserProfilePhotoCell.swift */; };
		113410341EA8428800E8E7EF /* CustomImageView.swift in Sources */ = {isa = PBXBuildFile; fileRef = 113410331EA8428800E8E7EF /* CustomImageView.swift */; };
		113410371EA9B01200E8E7EF /* HomeController.swift in Sources */ = {isa = PBXBuildFile; fileRef = 113410361EA9B01200E8E7EF /* HomeController.swift */; };
		1184FC241E9491EA00B0AA12 /* GoogleService-Info.plist in Resources */ = {isa = PBXBuildFile; fileRef = 1184FC231E9491EA00B0AA12 /* GoogleService-Info.plist */; };
		1184FC261E949ACD00B0AA12 /* Instagram_logo_white@2x.png in Resources */ = {isa = PBXBuildFile; fileRef = 1184FC251E949ACD00B0AA12 /* Instagram_logo_white@2x.png */; };
		11A7E3AC1E971DEE0070DC50 /* aaaa.swift in Sources */ = {isa = PBXBuildFile; fileRef = 11A7E3AB1E971DEE0070DC50 /* aaaa.swift */; };
		11A7E3AF1E988B3D0070DC50 /* PhotoSelectorController.swift in Sources */ = {isa = PBXBuildFile; fileRef = 11A7E3AE1E988B3D0070DC50 /* PhotoSelectorController.swift */; };
		11A7E3B11E999F3B0070DC50 /* PhotoSelectorCell.swift in Sources */ = {isa = PBXBuildFile; fileRef = 11A7E3B01E999F3B0070DC50 /* PhotoSelectorCell.swift */; };
		11A7E3B31E99A2800070DC50 /* PhotoSelectorHeader.swift in Sources */ = {isa = PBXBuildFile; fileRef = 11A7E3B21E99A2800070DC50 /* PhotoSelectorHeader.swift */; };
		11A7E3B51E9C67630070DC50 /* SharePhotoController.swift in Sources */ = {isa = PBXBuildFile; fileRef = 11A7E3B41E9C67630070DC50 /* SharePhotoController.swift */; };
		11B822D41EA9B1AC003FE3D9 /* HomePostCell.swift in Sources */ = {isa = PBXBuildFile; fileRef = 11B822D31EA9B1AC003FE3D9 /* HomePostCell.swift */; };
		11B822D61EA9B370003FE3D9 /* logo2@2x.png in Resources */ = {isa = PBXBuildFile; fileRef = 11B822D51EA9B370003FE3D9 /* logo2@2x.png */; };
		11DE435A1EAB8D2200730F85 /* User.swift in Sources */ = {isa = PBXBuildFile; fileRef = 11DE43591EAB8D2200730F85 /* User.swift */; };
		11DE435D1EABDBB900730F85 /* FireBaseUtil.swift in Sources */ = {isa = PBXBuildFile; fileRef = 11DE435C1EABDBB900730F85 /* FireBaseUtil.swift */; };
		11DE43601EABE8CA00730F85 /* UserSearchController.swift in Sources */ = {isa = PBXBuildFile; fileRef = 11DE435F1EABE8CA00730F85 /* UserSearchController.swift */; };
		11DE43621EABF49500730F85 /* UserSearchCell.swift in Sources */ = {isa = PBXBuildFile; fileRef = 11DE43611EABF49500730F85 /* UserSearchCell.swift */; };
		11DE43651EB1A63700730F85 /* CameraController.swift in Sources */ = {isa = PBXBuildFile; fileRef = 11DE43641EB1A63700730F85 /* CameraController.swift */; };
		11DE43671EB8169100730F85 /* PreviewPhotoContainerView.swift in Sources */ = {isa = PBXBuildFile; fileRef = 11DE43661EB8169100730F85 /* PreviewPhotoContainerView.swift */; };
		11DE43691EB82D3700730F85 /* CustomAnimationPresentor.swift in Sources */ = {isa = PBXBuildFile; fileRef = 11DE43681EB82D3700730F85 /* CustomAnimationPresentor.swift */; };
		11DE436B1EB82FFB00730F85 /* CustomAnimationDismiss.swift in Sources */ = {isa = PBXBuildFile; fileRef = 11DE436A1EB82FFB00730F85 /* CustomAnimationDismiss.swift */; };
		8C575D7A6BF6CEEE0A09E0B3 /* Pods_InstagramFirebase.framework in Frameworks */ = {isa = PBXBuildFile; fileRef = B3BD8A110B7597B07DD7B005 /* Pods_InstagramFirebase.framework */; };
		C7966F9C1E85F4910054FE2A /* LoginController.swift in Sources */ = {isa = PBXBuildFile; fileRef = C7966F9B1E85F4910054FE2A /* LoginController.swift */; };
		C7D90C8D1E7A24F7008526BE /* AppDelegate.swift in Sources */ = {isa = PBXBuildFile; fileRef = C7D90C8C1E7A24F7008526BE /* AppDelegate.swift */; };
		C7D90C8F1E7A24F7008526BE /* SignUpController.swift in Sources */ = {isa = PBXBuildFile; fileRef = C7D90C8E1E7A24F7008526BE /* SignUpController.swift */; };
		C7D90C921E7A24F7008526BE /* Main.storyboard in Resources */ = {isa = PBXBuildFile; fileRef = C7D90C901E7A24F7008526BE /* Main.storyboard */; };
		C7D90C941E7A24F7008526BE /* Assets.xcassets in Resources */ = {isa = PBXBuildFile; fileRef = C7D90C931E7A24F7008526BE /* Assets.xcassets */; };
		C7D90C971E7A24F7008526BE /* LaunchScreen.storyboard in Resources */ = {isa = PBXBuildFile; fileRef = C7D90C951E7A24F7008526BE /* LaunchScreen.storyboard */; };
		C7FC59751E7DF8A20051CD10 /* Extensions.swift in Sources */ = {isa = PBXBuildFile; fileRef = C7FC59741E7DF8A20051CD10 /* Extensions.swift */; };
		C7FC598D1E82F2220051CD10 /* MainTabBarController.swift in Sources */ = {isa = PBXBuildFile; fileRef = C7FC598C1E82F2220051CD10 /* MainTabBarController.swift */; };
		C7FC598F1E82F2CE0051CD10 /* UserProfileController.swift in Sources */ = {isa = PBXBuildFile; fileRef = C7FC598E1E82F2CE0051CD10 /* UserProfileController.swift */; };
		C7FC59981E8334370051CD10 /* UserProfileHeader.swift in Sources */ = {isa = PBXBuildFile; fileRef = C7FC59971E8334370051CD10 /* UserProfileHeader.swift */; };
/* End PBXBuildFile section */

/* Begin PBXFileReference section */
		1134102F1E9DC03000E8E7EF /* Post.swift */ = {isa = PBXFileReference; fileEncoding = 4; lastKnownFileType = sourcecode.swift; path = Post.swift; sourceTree = "<group>"; };
		113410311E9DC1D400E8E7EF /* UserProfilePhotoCell.swift */ = {isa = PBXFileReference; fileEncoding = 4; lastKnownFileType = sourcecode.swift; path = UserProfilePhotoCell.swift; sourceTree = "<group>"; };
		113410331EA8428800E8E7EF /* CustomImageView.swift */ = {isa = PBXFileReference; fileEncoding = 4; lastKnownFileType = sourcecode.swift; path = CustomImageView.swift; sourceTree = "<group>"; };
		113410361EA9B01200E8E7EF /* HomeController.swift */ = {isa = PBXFileReference; fileEncoding = 4; lastKnownFileType = sourcecode.swift; path = HomeController.swift; sourceTree = "<group>"; };
		1184FC231E9491EA00B0AA12 /* GoogleService-Info.plist */ = {isa = PBXFileReference; fileEncoding = 4; lastKnownFileType = text.plist.xml; path = "GoogleService-Info.plist"; sourceTree = "<group>"; };
		1184FC251E949ACD00B0AA12 /* Instagram_logo_white@2x.png */ = {isa = PBXFileReference; lastKnownFileType = image.png; path = "Instagram_logo_white@2x.png"; sourceTree = "<group>"; };
		11A7E3AB1E971DEE0070DC50 /* aaaa.swift */ = {isa = PBXFileReference; fileEncoding = 4; lastKnownFileType = sourcecode.swift; path = aaaa.swift; sourceTree = "<group>"; };
		11A7E3AE1E988B3D0070DC50 /* PhotoSelectorController.swift */ = {isa = PBXFileReference; fileEncoding = 4; lastKnownFileType = sourcecode.swift; path = PhotoSelectorController.swift; sourceTree = "<group>"; };
		11A7E3B01E999F3B0070DC50 /* PhotoSelectorCell.swift */ = {isa = PBXFileReference; fileEncoding = 4; lastKnownFileType = sourcecode.swift; path = PhotoSelectorCell.swift; sourceTree = "<group>"; };
		11A7E3B21E99A2800070DC50 /* PhotoSelectorHeader.swift */ = {isa = PBXFileReference; fileEncoding = 4; lastKnownFileType = sourcecode.swift; path = PhotoSelectorHeader.swift; sourceTree = "<group>"; };
		11A7E3B41E9C67630070DC50 /* SharePhotoController.swift */ = {isa = PBXFileReference; fileEncoding = 4; lastKnownFileType = sourcecode.swift; path = SharePhotoController.swift; sourceTree = "<group>"; };
		11B822D31EA9B1AC003FE3D9 /* HomePostCell.swift */ = {isa = PBXFileReference; fileEncoding = 4; lastKnownFileType = sourcecode.swift; path = HomePostCell.swift; sourceTree = "<group>"; };
		11B822D51EA9B370003FE3D9 /* logo2@2x.png */ = {isa = PBXFileReference; lastKnownFileType = image.png; path = "logo2@2x.png"; sourceTree = "<group>"; };
		11DE43591EAB8D2200730F85 /* User.swift */ = {isa = PBXFileReference; fileEncoding = 4; lastKnownFileType = sourcecode.swift; path = User.swift; sourceTree = "<group>"; };
		11DE435C1EABDBB900730F85 /* FireBaseUtil.swift */ = {isa = PBXFileReference; fileEncoding = 4; lastKnownFileType = sourcecode.swift; path = FireBaseUtil.swift; sourceTree = "<group>"; };
		11DE435F1EABE8CA00730F85 /* UserSearchController.swift */ = {isa = PBXFileReference; fileEncoding = 4; lastKnownFileType = sourcecode.swift; path = UserSearchController.swift; sourceTree = "<group>"; };
		11DE43611EABF49500730F85 /* UserSearchCell.swift */ = {isa = PBXFileReference; fileEncoding = 4; lastKnownFileType = sourcecode.swift; path = UserSearchCell.swift; sourceTree = "<group>"; };
		11DE43641EB1A63700730F85 /* CameraController.swift */ = {isa = PBXFileReference; fileEncoding = 4; lastKnownFileType = sourcecode.swift; path = CameraController.swift; sourceTree = "<group>"; };
		11DE43661EB8169100730F85 /* PreviewPhotoContainerView.swift */ = {isa = PBXFileReference; fileEncoding = 4; lastKnownFileType = sourcecode.swift; path = PreviewPhotoContainerView.swift; sourceTree = "<group>"; };
		11DE43681EB82D3700730F85 /* CustomAnimationPresentor.swift */ = {isa = PBXFileReference; fileEncoding = 4; lastKnownFileType = sourcecode.swift; path = CustomAnimationPresentor.swift; sourceTree = "<group>"; };
		11DE436A1EB82FFB00730F85 /* CustomAnimationDismiss.swift */ = {isa = PBXFileReference; fileEncoding = 4; lastKnownFileType = sourcecode.swift; path = CustomAnimationDismiss.swift; sourceTree = "<group>"; };
		B3BD8A110B7597B07DD7B005 /* Pods_InstagramFirebase.framework */ = {isa = PBXFileReference; explicitFileType = wrapper.framework; includeInIndex = 0; path = Pods_InstagramFirebase.framework; sourceTree = BUILT_PRODUCTS_DIR; };
		C7966F9B1E85F4910054FE2A /* LoginController.swift */ = {isa = PBXFileReference; fileEncoding = 4; lastKnownFileType = sourcecode.swift; path = LoginController.swift; sourceTree = "<group>"; };
		C7D90C891E7A24F7008526BE /* InstagramFirebase.app */ = {isa = PBXFileReference; explicitFileType = wrapper.application; includeInIndex = 0; path = InstagramFirebase.app; sourceTree = BUILT_PRODUCTS_DIR; };
		C7D90C8C1E7A24F7008526BE /* AppDelegate.swift */ = {isa = PBXFileReference; lastKnownFileType = sourcecode.swift; path = AppDelegate.swift; sourceTree = "<group>"; };
		C7D90C8E1E7A24F7008526BE /* SignUpController.swift */ = {isa = PBXFileReference; lastKnownFileType = sourcecode.swift; path = SignUpController.swift; sourceTree = "<group>"; };
		C7D90C911E7A24F7008526BE /* Base */ = {isa = PBXFileReference; lastKnownFileType = file.storyboard; name = Base; path = Base.lproj/Main.storyboard; sourceTree = "<group>"; };
		C7D90C931E7A24F7008526BE /* Assets.xcassets */ = {isa = PBXFileReference; lastKnownFileType = folder.assetcatalog; path = Assets.xcassets; sourceTree = "<group>"; };
		C7D90C961E7A24F7008526BE /* Base */ = {isa = PBXFileReference; lastKnownFileType = file.storyboard; name = Base; path = Base.lproj/LaunchScreen.storyboard; sourceTree = "<group>"; };
		C7D90C981E7A24F7008526BE /* Info.plist */ = {isa = PBXFileReference; lastKnownFileType = text.plist.xml; path = Info.plist; sourceTree = "<group>"; };
		C7FC59741E7DF8A20051CD10 /* Extensions.swift */ = {isa = PBXFileReference; fileEncoding = 4; lastKnownFileType = sourcecode.swift; path = Extensions.swift; sourceTree = "<group>"; };
		C7FC598C1E82F2220051CD10 /* MainTabBarController.swift */ = {isa = PBXFileReference; fileEncoding = 4; lastKnownFileType = sourcecode.swift; path = MainTabBarController.swift; sourceTree = "<group>"; };
		C7FC598E1E82F2CE0051CD10 /* UserProfileController.swift */ = {isa = PBXFileReference; fileEncoding = 4; lastKnownFileType = sourcecode.swift; path = UserProfileController.swift; sourceTree = "<group>"; };
		C7FC59971E8334370051CD10 /* UserProfileHeader.swift */ = {isa = PBXFileReference; fileEncoding = 4; lastKnownFileType = sourcecode.swift; path = UserProfileHeader.swift; sourceTree = "<group>"; };
		C967BE3F110A1370B189325D /* Pods-InstagramFirebase.release.xcconfig */ = {isa = PBXFileReference; includeInIndex = 1; lastKnownFileType = text.xcconfig; name = "Pods-InstagramFirebase.release.xcconfig"; path = "Pods/Target Support Files/Pods-InstagramFirebase/Pods-InstagramFirebase.release.xcconfig"; sourceTree = "<group>"; };
		DAC6056AB254A9493D320328 /* Pods-InstagramFirebase.debug.xcconfig */ = {isa = PBXFileReference; includeInIndex = 1; lastKnownFileType = text.xcconfig; name = "Pods-InstagramFirebase.debug.xcconfig"; path = "Pods/Target Support Files/Pods-InstagramFirebase/Pods-InstagramFirebase.debug.xcconfig"; sourceTree = "<group>"; };
/* End PBXFileReference section */

/* Begin PBXFrameworksBuildPhase section */
		C7D90C861E7A24F7008526BE /* Frameworks */ = {
			isa = PBXFrameworksBuildPhase;
			buildActionMask = 2147483647;
			files = (
				8C575D7A6BF6CEEE0A09E0B3 /* Pods_InstagramFirebase.framework in Frameworks */,
			);
			runOnlyForDeploymentPostprocessing = 0;
		};
/* End PBXFrameworksBuildPhase section */

/* Begin PBXGroup section */
		113410351EA9B00200E8E7EF /* Home */ = {
			isa = PBXGroup;
			children = (
				113410361EA9B01200E8E7EF /* HomeController.swift */,
				11B822D31EA9B1AC003FE3D9 /* HomePostCell.swift */,
			);
			name = Home;
			sourceTree = "<group>";
		};
		11A7E3AD1E988B290070DC50 /* Photo */ = {
			isa = PBXGroup;
			children = (
				11A7E3AE1E988B3D0070DC50 /* PhotoSelectorController.swift */,
				11A7E3B01E999F3B0070DC50 /* PhotoSelectorCell.swift */,
				11A7E3B21E99A2800070DC50 /* PhotoSelectorHeader.swift */,
				11A7E3B41E9C67630070DC50 /* SharePhotoController.swift */,
			);
			name = Photo;
			sourceTree = "<group>";
		};
		11DE435B1EAB8D5500730F85 /* Models */ = {
			isa = PBXGroup;
			children = (
				11DE43591EAB8D2200730F85 /* User.swift */,
				1134102F1E9DC03000E8E7EF /* Post.swift */,
			);
			name = Models;
			sourceTree = "<group>";
		};
		11DE435E1EABE8B600730F85 /* Search */ = {
			isa = PBXGroup;
			children = (
				11DE435F1EABE8CA00730F85 /* UserSearchController.swift */,
				11DE43611EABF49500730F85 /* UserSearchCell.swift */,
			);
			name = Search;
			sourceTree = "<group>";
		};
		11DE43631EB1A62400730F85 /* Camera */ = {
			isa = PBXGroup;
			children = (
				11DE43641EB1A63700730F85 /* CameraController.swift */,
				11DE43661EB8169100730F85 /* PreviewPhotoContainerView.swift */,
				11DE43681EB82D3700730F85 /* CustomAnimationPresentor.swift */,
				11DE436A1EB82FFB00730F85 /* CustomAnimationDismiss.swift */,
			);
			name = Camera;
			sourceTree = "<group>";
		};
		344C487CF348D07C793C3B69 /* Frameworks */ = {
			isa = PBXGroup;
			children = (
				B3BD8A110B7597B07DD7B005 /* Pods_InstagramFirebase.framework */,
			);
			name = Frameworks;
			sourceTree = "<group>";
		};
		C7966F9A1E85F4880054FE2A /* Login */ = {
			isa = PBXGroup;
			children = (
				C7966F9B1E85F4910054FE2A /* LoginController.swift */,
				C7D90C8E1E7A24F7008526BE /* SignUpController.swift */,
			);
			name = Login;
			sourceTree = "<group>";
		};
		C7D90C801E7A24F7008526BE = {
			isa = PBXGroup;
			children = (
				11A7E3AB1E971DEE0070DC50 /* aaaa.swift */,
				C7D90C8B1E7A24F7008526BE /* InstagramFirebase */,
				C7D90C8A1E7A24F7008526BE /* Products */,
				E8B4B11B998BF71039379EB8 /* Pods */,
				344C487CF348D07C793C3B69 /* Frameworks */,
			);
			sourceTree = "<group>";
		};
		C7D90C8A1E7A24F7008526BE /* Products */ = {
			isa = PBXGroup;
			children = (
				C7D90C891E7A24F7008526BE /* InstagramFirebase.app */,
			);
			name = Products;
			sourceTree = "<group>";
		};
		C7D90C8B1E7A24F7008526BE /* InstagramFirebase */ = {
			isa = PBXGroup;
			children = (
				11DE43631EB1A62400730F85 /* Camera */,
				11DE435E1EABE8B600730F85 /* Search */,
				11DE435B1EAB8D5500730F85 /* Models */,
				113410351EA9B00200E8E7EF /* Home */,
				11A7E3AD1E988B290070DC50 /* Photo */,
				C7966F9A1E85F4880054FE2A /* Login */,
				C7FC59961E83342B0051CD10 /* UserProfile */,
				C7FC59731E7DF8960051CD10 /* Utils */,
				C7D90C8C1E7A24F7008526BE /* AppDelegate.swift */,
				C7FC598C1E82F2220051CD10 /* MainTabBarController.swift */,
				C7D90C901E7A24F7008526BE /* Main.storyboard */,
				C7D90C931E7A24F7008526BE /* Assets.xcassets */,
				11B822D51EA9B370003FE3D9 /* logo2@2x.png */,
				1184FC251E949ACD00B0AA12 /* Instagram_logo_white@2x.png */,
				C7D90C951E7A24F7008526BE /* LaunchScreen.storyboard */,
				C7D90C981E7A24F7008526BE /* Info.plist */,
				1184FC231E9491EA00B0AA12 /* GoogleService-Info.plist */,
			);
			path = InstagramFirebase;
			sourceTree = "<group>";
		};
		C7FC59731E7DF8960051CD10 /* Utils */ = {
			isa = PBXGroup;
			children = (
				C7FC59741E7DF8A20051CD10 /* Extensions.swift */,
				11DE435C1EABDBB900730F85 /* FireBaseUtil.swift */,
			);
			name = Utils;
			sourceTree = "<group>";
		};
		C7FC59961E83342B0051CD10 /* UserProfile */ = {
			isa = PBXGroup;
			children = (
				C7FC598E1E82F2CE0051CD10 /* UserProfileController.swift */,
				C7FC59971E8334370051CD10 /* UserProfileHeader.swift */,
				113410311E9DC1D400E8E7EF /* UserProfilePhotoCell.swift */,
				113410331EA8428800E8E7EF /* CustomImageView.swift */,
			);
			name = UserProfile;
			sourceTree = "<group>";
		};
		E8B4B11B998BF71039379EB8 /* Pods */ = {
			isa = PBXGroup;
			children = (
				DAC6056AB254A9493D320328 /* Pods-InstagramFirebase.debug.xcconfig */,
				C967BE3F110A1370B189325D /* Pods-InstagramFirebase.release.xcconfig */,
			);
			name = Pods;
			sourceTree = "<group>";
		};
/* End PBXGroup section */

/* Begin PBXNativeTarget section */
		C7D90C881E7A24F7008526BE /* InstagramFirebase */ = {
			isa = PBXNativeTarget;
			buildConfigurationList = C7D90C9B1E7A24F7008526BE /* Build configuration list for PBXNativeTarget "InstagramFirebase" */;
			buildPhases = (
				A286426A89759B91D51FA325 /* [CP] Check Pods Manifest.lock */,
				C7D90C851E7A24F7008526BE /* Sources */,
				C7D90C861E7A24F7008526BE /* Frameworks */,
				C7D90C871E7A24F7008526BE /* Resources */,
				2F5443D093EEF4720BF361EE /* [CP] Embed Pods Frameworks */,
				EB411F7F135E4FC9FB54F341 /* [CP] Copy Pods Resources */,
			);
			buildRules = (
			);
			dependencies = (
			);
			name = InstagramFirebase;
			productName = InstagramFirebase;
			productReference = C7D90C891E7A24F7008526BE /* InstagramFirebase.app */;
			productType = "com.apple.product-type.application";
		};
/* End PBXNativeTarget section */

/* Begin PBXProject section */
		C7D90C811E7A24F7008526BE /* Project object */ = {
			isa = PBXProject;
			attributes = {
				LastSwiftUpdateCheck = 0820;
				LastUpgradeCheck = 0820;
				ORGANIZATIONNAME = "Dustin Yang";
				TargetAttributes = {
					C7D90C881E7A24F7008526BE = {
						CreatedOnToolsVersion = 8.2;
						DevelopmentTeam = CSE9343A58;
						ProvisioningStyle = Automatic;
						SystemCapabilities = {
							com.apple.Push = {
								enabled = 0;
							};
						};
					};
				};
			};
			buildConfigurationList = C7D90C841E7A24F7008526BE /* Build configuration list for PBXProject "InstagramFirebase" */;
			compatibilityVersion = "Xcode 3.2";
			developmentRegion = English;
			hasScannedForEncodings = 0;
			knownRegions = (
				en,
				Base,
			);
			mainGroup = C7D90C801E7A24F7008526BE;
			productRefGroup = C7D90C8A1E7A24F7008526BE /* Products */;
			projectDirPath = "";
			projectRoot = "";
			targets = (
				C7D90C881E7A24F7008526BE /* InstagramFirebase */,
			);
		};
/* End PBXProject section */

/* Begin PBXResourcesBuildPhase section */
		C7D90C871E7A24F7008526BE /* Resources */ = {
			isa = PBXResourcesBuildPhase;
			buildActionMask = 2147483647;
			files = (
				C7D90C971E7A24F7008526BE /* LaunchScreen.storyboard in Resources */,
				1184FC241E9491EA00B0AA12 /* GoogleService-Info.plist in Resources */,
				11B822D61EA9B370003FE3D9 /* logo2@2x.png in Resources */,
				C7D90C941E7A24F7008526BE /* Assets.xcassets in Resources */,
				1184FC261E949ACD00B0AA12 /* Instagram_logo_white@2x.png in Resources */,
				C7D90C921E7A24F7008526BE /* Main.storyboard in Resources */,
			);
			runOnlyForDeploymentPostprocessing = 0;
		};
/* End PBXResourcesBuildPhase section */

/* Begin PBXShellScriptBuildPhase section */
		2F5443D093EEF4720BF361EE /* [CP] Embed Pods Frameworks */ = {
			isa = PBXShellScriptBuildPhase;
			buildActionMask = 2147483647;
			files = (
			);
			inputPaths = (
			);
			name = "[CP] Embed Pods Frameworks";
			outputPaths = (
			);
			runOnlyForDeploymentPostprocessing = 0;
			shellPath = /bin/sh;
			shellScript = "\"${SRCROOT}/Pods/Target Support Files/Pods-InstagramFirebase/Pods-InstagramFirebase-frameworks.sh\"\n";
			showEnvVarsInLog = 0;
		};
		A286426A89759B91D51FA325 /* [CP] Check Pods Manifest.lock */ = {
			isa = PBXShellScriptBuildPhase;
			buildActionMask = 2147483647;
			files = (
			);
			inputPaths = (
			);
			name = "[CP] Check Pods Manifest.lock";
			outputPaths = (
			);
			runOnlyForDeploymentPostprocessing = 0;
			shellPath = /bin/sh;
			shellScript = "diff \"${PODS_ROOT}/../Podfile.lock\" \"${PODS_ROOT}/Manifest.lock\" > /dev/null\nif [ $? != 0 ] ; then\n    # print error to STDERR\n    echo \"error: The sandbox is not in sync with the Podfile.lock. Run 'pod install' or update your CocoaPods installation.\" >&2\n    exit 1\nfi\n";
			showEnvVarsInLog = 0;
		};
		EB411F7F135E4FC9FB54F341 /* [CP] Copy Pods Resources */ = {
			isa = PBXShellScriptBuildPhase;
			buildActionMask = 2147483647;
			files = (
			);
			inputPaths = (
			);
			name = "[CP] Copy Pods Resources";
			outputPaths = (
			);
			runOnlyForDeploymentPostprocessing = 0;
			shellPath = /bin/sh;
			shellScript = "\"${SRCROOT}/Pods/Target Support Files/Pods-InstagramFirebase/Pods-InstagramFirebase-resources.sh\"\n";
			showEnvVarsInLog = 0;
		};
/* End PBXShellScriptBuildPhase section */

/* Begin PBXSourcesBuildPhase section */
		C7D90C851E7A24F7008526BE /* Sources */ = {
			isa = PBXSourcesBuildPhase;
			buildActionMask = 2147483647;
			files = (
				C7D90C8F1E7A24F7008526BE /* SignUpController.swift in Sources */,
				11B822D41EA9B1AC003FE3D9 /* HomePostCell.swift in Sources */,
				11A7E3AC1E971DEE0070DC50 /* aaaa.swift in Sources */,
				C7FC59751E7DF8A20051CD10 /* Extensions.swift in Sources */,
				11DE436B1EB82FFB00730F85 /* CustomAnimationDismiss.swift in Sources */,
				11A7E3AF1E988B3D0070DC50 /* PhotoSelectorController.swift in Sources */,
				113410341EA8428800E8E7EF /* CustomImageView.swift in Sources */,
				11DE43651EB1A63700730F85 /* CameraController.swift in Sources */,
				113410301E9DC03000E8E7EF /* Post.swift in Sources */,
				C7FC598D1E82F2220051CD10 /* MainTabBarController.swift in Sources */,
				C7FC59981E8334370051CD10 /* UserProfileHeader.swift in Sources */,
				11A7E3B51E9C67630070DC50 /* SharePhotoController.swift in Sources */,
				11DE43601EABE8CA00730F85 /* UserSearchController.swift in Sources */,
				11A7E3B31E99A2800070DC50 /* PhotoSelectorHeader.swift in Sources */,
				11DE435D1EABDBB900730F85 /* FireBaseUtil.swift in Sources */,
				11DE43671EB8169100730F85 /* PreviewPhotoContainerView.swift in Sources */,
				C7FC598F1E82F2CE0051CD10 /* UserProfileController.swift in Sources */,
				C7D90C8D1E7A24F7008526BE /* AppDelegate.swift in Sources */,
				113410371EA9B01200E8E7EF /* HomeController.swift in Sources */,
				11DE435A1EAB8D2200730F85 /* User.swift in Sources */,
				113410321E9DC1D400E8E7EF /* UserProfilePhotoCell.swift in Sources */,
				C7966F9C1E85F4910054FE2A /* LoginController.swift in Sources */,
				11DE43621EABF49500730F85 /* UserSearchCell.swift in Sources */,
				11DE43691EB82D3700730F85 /* CustomAnimationPresentor.swift in Sources */,
				11A7E3B11E999F3B0070DC50 /* PhotoSelectorCell.swift in Sources */,
			);
			runOnlyForDeploymentPostprocessing = 0;
		};
/* End PBXSourcesBuildPhase section */

/* Begin PBXVariantGroup section */
		C7D90C901E7A24F7008526BE /* Main.storyboard */ = {
			isa = PBXVariantGroup;
			children = (
				C7D90C911E7A24F7008526BE /* Base */,
			);
			name = Main.storyboard;
			sourceTree = "<group>";
		};
		C7D90C951E7A24F7008526BE /* LaunchScreen.storyboard */ = {
			isa = PBXVariantGroup;
			children = (
				C7D90C961E7A24F7008526BE /* Base */,
			);
			name = LaunchScreen.storyboard;
			sourceTree = "<group>";
		};
/* End PBXVariantGroup section */

/* Begin XCBuildConfiguration section */
		C7D90C991E7A24F7008526BE /* Debug */ = {
			isa = XCBuildConfiguration;
			buildSettings = {
				ALWAYS_SEARCH_USER_PATHS = NO;
				CLANG_ANALYZER_NONNULL = YES;
				CLANG_CXX_LANGUAGE_STANDARD = "gnu++0x";
				CLANG_CXX_LIBRARY = "libc++";
				CLANG_ENABLE_MODULES = YES;
				CLANG_ENABLE_OBJC_ARC = YES;
				CLANG_WARN_BOOL_CONVERSION = YES;
				CLANG_WARN_CONSTANT_CONVERSION = YES;
				CLANG_WARN_DIRECT_OBJC_ISA_USAGE = YES_ERROR;
				CLANG_WARN_DOCUMENTATION_COMMENTS = YES;
				CLANG_WARN_EMPTY_BODY = YES;
				CLANG_WARN_ENUM_CONVERSION = YES;
				CLANG_WARN_INFINITE_RECURSION = YES;
				CLANG_WARN_INT_CONVERSION = YES;
				CLANG_WARN_OBJC_ROOT_CLASS = YES_ERROR;
				CLANG_WARN_SUSPICIOUS_MOVE = YES;
				CLANG_WARN_UNREACHABLE_CODE = YES;
				CLANG_WARN__DUPLICATE_METHOD_MATCH = YES;
				"CODE_SIGN_IDENTITY[sdk=iphoneos*]" = "iPhone Developer";
				COPY_PHASE_STRIP = NO;
				DEBUG_INFORMATION_FORMAT = dwarf;
				ENABLE_BITCODE = NO;
				ENABLE_STRICT_OBJC_MSGSEND = YES;
				ENABLE_TESTABILITY = YES;
				GCC_C_LANGUAGE_STANDARD = gnu99;
				GCC_DYNAMIC_NO_PIC = NO;
				GCC_NO_COMMON_BLOCKS = YES;
				GCC_OPTIMIZATION_LEVEL = 0;
				GCC_PREPROCESSOR_DEFINITIONS = (
					"DEBUG=1",
					"$(inherited)",
				);
				GCC_WARN_64_TO_32_BIT_CONVERSION = YES;
				GCC_WARN_ABOUT_RETURN_TYPE = YES_ERROR;
				GCC_WARN_UNDECLARED_SELECTOR = YES;
				GCC_WARN_UNINITIALIZED_AUTOS = YES_AGGRESSIVE;
				GCC_WARN_UNUSED_FUNCTION = YES;
				GCC_WARN_UNUSED_VARIABLE = YES;
				IPHONEOS_DEPLOYMENT_TARGET = 10.3;
				MTL_ENABLE_DEBUG_INFO = YES;
				ONLY_ACTIVE_ARCH = YES;
				SDKROOT = iphoneos;
				SWIFT_ACTIVE_COMPILATION_CONDITIONS = DEBUG;
				SWIFT_OPTIMIZATION_LEVEL = "-Onone";
				TARGETED_DEVICE_FAMILY = "1,2";
			};
			name = Debug;
		};
		C7D90C9A1E7A24F7008526BE /* Release */ = {
			isa = XCBuildConfiguration;
			buildSettings = {
				ALWAYS_SEARCH_USER_PATHS = NO;
				CLANG_ANALYZER_NONNULL = YES;
				CLANG_CXX_LANGUAGE_STANDARD = "gnu++0x";
				CLANG_CXX_LIBRARY = "libc++";
				CLANG_ENABLE_MODULES = YES;
				CLANG_ENABLE_OBJC_ARC = YES;
				CLANG_WARN_BOOL_CONVERSION = YES;
				CLANG_WARN_CONSTANT_CONVERSION = YES;
				CLANG_WARN_DIRECT_OBJC_ISA_USAGE = YES_ERROR;
				CLANG_WARN_DOCUMENTATION_COMMENTS = YES;
				CLANG_WARN_EMPTY_BODY = YES;
				CLANG_WARN_ENUM_CONVERSION = YES;
				CLANG_WARN_INFINITE_RECURSION = YES;
				CLANG_WARN_INT_CONVERSION = YES;
				CLANG_WARN_OBJC_ROOT_CLASS = YES_ERROR;
				CLANG_WARN_SUSPICIOUS_MOVE = YES;
				CLANG_WARN_UNREACHABLE_CODE = YES;
				CLANG_WARN__DUPLICATE_METHOD_MATCH = YES;
				"CODE_SIGN_IDENTITY[sdk=iphoneos*]" = "iPhone Developer";
				COPY_PHASE_STRIP = NO;
				DEBUG_INFORMATION_FORMAT = "dwarf-with-dsym";
				ENABLE_BITCODE = NO;
				ENABLE_NS_ASSERTIONS = NO;
				ENABLE_STRICT_OBJC_MSGSEND = YES;
				GCC_C_LANGUAGE_STANDARD = gnu99;
				GCC_NO_COMMON_BLOCKS = YES;
				GCC_WARN_64_TO_32_BIT_CONVERSION = YES;
				GCC_WARN_ABOUT_RETURN_TYPE = YES_ERROR;
				GCC_WARN_UNDECLARED_SELECTOR = YES;
				GCC_WARN_UNINITIALIZED_AUTOS = YES_AGGRESSIVE;
				GCC_WARN_UNUSED_FUNCTION = YES;
				GCC_WARN_UNUSED_VARIABLE = YES;
				IPHONEOS_DEPLOYMENT_TARGET = 10.3;
				MTL_ENABLE_DEBUG_INFO = NO;
				SDKROOT = iphoneos;
				SWIFT_OPTIMIZATION_LEVEL = "-Owholemodule";
				TARGETED_DEVICE_FAMILY = "1,2";
				VALIDATE_PRODUCT = YES;
			};
			name = Release;
		};
		C7D90C9C1E7A24F7008526BE /* Debug */ = {
			isa = XCBuildConfiguration;
			baseConfigurationReference = DAC6056AB254A9493D320328 /* Pods-InstagramFirebase.debug.xcconfig */;
			buildSettings = {
				ASSETCATALOG_COMPILER_APPICON_NAME = AppIcon;
				DEVELOPMENT_TEAM = CSE9343A58;
				INFOPLIST_FILE = InstagramFirebase/Info.plist;
				IPHONEOS_DEPLOYMENT_TARGET = 10.3;
				LD_RUNPATH_SEARCH_PATHS = "$(inherited) @executable_path/Frameworks";
				PRODUCT_BUNDLE_IDENTIFIER = "frontyard.firebase-instagram";
				PRODUCT_NAME = "$(TARGET_NAME)";
				SWIFT_VERSION = 3.0;
			};
			name = Debug;
		};
		C7D90C9D1E7A24F7008526BE /* Release */ = {
			isa = XCBuildConfiguration;
			baseConfigurationReference = C967BE3F110A1370B189325D /* Pods-InstagramFirebase.release.xcconfig */;
			buildSettings = {
				ASSETCATALOG_COMPILER_APPICON_NAME = AppIcon;
				DEVELOPMENT_TEAM = CSE9343A58;
				INFOPLIST_FILE = InstagramFirebase/Info.plist;
				IPHONEOS_DEPLOYMENT_TARGET = 10.3;
				LD_RUNPATH_SEARCH_PATHS = "$(inherited) @executable_path/Frameworks";
				PRODUCT_BUNDLE_IDENTIFIER = "frontyard.firebase-instagram";
				PRODUCT_NAME = "$(TARGET_NAME)";
				SWIFT_VERSION = 3.0;
			};
			name = Release;
		};
/* End XCBuildConfiguration section */

/* Begin XCConfigurationList section */
		C7D90C841E7A24F7008526BE /* Build configuration list for PBXProject "InstagramFirebase" */ = {
			isa = XCConfigurationList;
			buildConfigurations = (
				C7D90C991E7A24F7008526BE /* Debug */,
				C7D90C9A1E7A24F7008526BE /* Release */,
			);
			defaultConfigurationIsVisible = 0;
			defaultConfigurationName = Release;
		};
		C7D90C9B1E7A24F7008526BE /* Build configuration list for PBXNativeTarget "InstagramFirebase" */ = {
			isa = XCConfigurationList;
			buildConfigurations = (
				C7D90C9C1E7A24F7008526BE /* Debug */,
				C7D90C9D1E7A24F7008526BE /* Release */,
			);
			defaultConfigurationIsVisible = 0;
			defaultConfigurationName = Release;
		};
/* End XCConfigurationList section */
	};
	rootObject = C7D90C811E7A24F7008526BE /* Project object */;
}
